
Microsoft Visual Studio Solution File, Format Version 12.00
# Visual Studio 2012
Project("{8BC9CEB8-8B4A-11D0-8D11-00A0C91BC942}") = "диалог", "диалог\диалог.vcxproj", "{ADD38D4B-198D-4144-A2BF-392A411FF1A1}"
EndProject
Global
	GlobalSection(SolutionConfigurationPlatforms) = preSolution
		Debug|Win32 = Debug|Win32
		Release|Win32 = Release|Win32
	EndGlobalSection
	GlobalSection(ProjectConfigurationPlatforms) = postSolution
		{ADD38D4B-198D-4144-A2BF-392A411FF1A1}.Debug|Win32.ActiveCfg = Debug|Win32
		{ADD38D4B-198D-4144-A2BF-392A411FF1A1}.Debug|Win32.Build.0 = Debug|Win32
		{ADD38D4B-198D-4144-A2BF-392A411FF1A1}.Release|Win32.ActiveCfg = Release|Win32
		{ADD38D4B-198D-4144-A2BF-392A411FF1A1}.Release|Win32.Build.0 = Release|Win32
	EndGlobalSection
	GlobalSection(SolutionProperties) = preSolution
		HideSolutionNode = FALSE
	EndGlobalSection
EndGlobal
