
Microsoft Visual Studio Solution File, Format Version 12.00
# Visual Studio 2012
Project("{8BC9CEB8-8B4A-11D0-8D11-00A0C91BC942}") = "через ук-тели вар. 10", "через ук-тели вар. 10\через ук-тели вар. 10.vcxproj", "{6347537E-8B02-419D-9ECC-7E3A478E61C2}"
EndProject
Global
	GlobalSection(SolutionConfigurationPlatforms) = preSolution
		Debug|Win32 = Debug|Win32
		Release|Win32 = Release|Win32
	EndGlobalSection
	GlobalSection(ProjectConfigurationPlatforms) = postSolution
		{6347537E-8B02-419D-9ECC-7E3A478E61C2}.Debug|Win32.ActiveCfg = Debug|Win32
		{6347537E-8B02-419D-9ECC-7E3A478E61C2}.Debug|Win32.Build.0 = Debug|Win32
		{6347537E-8B02-419D-9ECC-7E3A478E61C2}.Release|Win32.ActiveCfg = Release|Win32
		{6347537E-8B02-419D-9ECC-7E3A478E61C2}.Release|Win32.Build.0 = Release|Win32
	EndGlobalSection
	GlobalSection(SolutionProperties) = preSolution
		HideSolutionNode = FALSE
	EndGlobalSection
EndGlobal
