
Microsoft Visual Studio Solution File, Format Version 12.00
# Visual Studio 2012
Project("{8BC9CEB8-8B4A-11D0-8D11-00A0C91BC942}") = "через укзатели", "через укзатели\через укзатели.vcxproj", "{DFECF816-833C-484A-BD37-32FF9C80B62E}"
EndProject
Global
	GlobalSection(SolutionConfigurationPlatforms) = preSolution
		Debug|Win32 = Debug|Win32
		Release|Win32 = Release|Win32
	EndGlobalSection
	GlobalSection(ProjectConfigurationPlatforms) = postSolution
		{DFECF816-833C-484A-BD37-32FF9C80B62E}.Debug|Win32.ActiveCfg = Debug|Win32
		{DFECF816-833C-484A-BD37-32FF9C80B62E}.Debug|Win32.Build.0 = Debug|Win32
		{DFECF816-833C-484A-BD37-32FF9C80B62E}.Release|Win32.ActiveCfg = Release|Win32
		{DFECF816-833C-484A-BD37-32FF9C80B62E}.Release|Win32.Build.0 = Release|Win32
	EndGlobalSection
	GlobalSection(SolutionProperties) = preSolution
		HideSolutionNode = FALSE
	EndGlobalSection
EndGlobal
